
Microsoft Visual Studio Solution File, Format Version 12.00
# Visual Studio Version 17
VisualStudioVersion = 17.7.34024.191
MinimumVisualStudioVersion = 10.0.40219.1
Project("{FAE04EC0-301F-11D3-BF4B-00C04F79EFBC}") = "444", "444\444.csproj", "{FF57AC43-7AC8-4523-B1C1-0354A605750E}"
EndProject
Global
	GlobalSection(SolutionConfigurationPlatforms) = preSolution
		Debug|Any CPU = Debug|Any CPU
		Release|Any CPU = Release|Any CPU
	EndGlobalSection
	GlobalSection(ProjectConfigurationPlatforms) = postSolution
		{FF57AC43-7AC8-4523-B1C1-0354A605750E}.Debug|Any CPU.ActiveCfg = Debug|Any CPU
		{FF57AC43-7AC8-4523-B1C1-0354A605750E}.Debug|Any CPU.Build.0 = Debug|Any CPU
		{FF57AC43-7AC8-4523-B1C1-0354A605750E}.Release|Any CPU.ActiveCfg = Release|Any CPU
		{FF57AC43-7AC8-4523-B1C1-0354A605750E}.Release|Any CPU.Build.0 = Release|Any CPU
	EndGlobalSection
	GlobalSection(SolutionProperties) = preSolution
		HideSolutionNode = FALSE
	EndGlobalSection
	GlobalSection(ExtensibilityGlobals) = postSolution
		SolutionGuid = {0F6B7CB6-54B8-44FC-8389-2CB212923153}
	EndGlobalSection
EndGlobal
